// !$*UTF8*$!
{
	archiveVersion = 1;
	classes = {
	};
	objectVersion = 56;
	objects = {

/* Begin PBXBuildFile section */
		736BA51DC53DED990E1067D8 /* Pods_UserApp_UserAppUITests.framework in Frameworks */ = {isa = PBXBuildFile; fileRef = 137C062725C0EA1988FF962B /* Pods_UserApp_UserAppUITests.framework */; };
		80CFD3A63BBBB53FAD2817E4 /* Pods_UserAppTests.framework in Frameworks */ = {isa = PBXBuildFile; fileRef = 38D2B1EC38C3EF35D8C070FB /* Pods_UserAppTests.framework */; };
		84A6B4DF2BFDBC6300E46248 /* UserAppApp.swift in Sources */ = {isa = PBXBuildFile; fileRef = 84A6B4DE2BFDBC6300E46248 /* UserAppApp.swift */; };
		84A6B4E12BFDBC6300E46248 /* ContentView.swift in Sources */ = {isa = PBXBuildFile; fileRef = 84A6B4E02BFDBC6300E46248 /* ContentView.swift */; };
		84A6B4E32BFDBC6500E46248 /* Assets.xcassets in Resources */ = {isa = PBXBuildFile; fileRef = 84A6B4E22BFDBC6500E46248 /* Assets.xcassets */; };
		84A6B4E62BFDBC6500E46248 /* Preview Assets.xcassets in Resources */ = {isa = PBXBuildFile; fileRef = 84A6B4E52BFDBC6500E46248 /* Preview Assets.xcassets */; };
		84A6B4F02BFDBC6500E46248 /* UserAppTests.swift in Sources */ = {isa = PBXBuildFile; fileRef = 84A6B4EF2BFDBC6500E46248 /* UserAppTests.swift */; };
		84A6B4FA2BFDBC6500E46248 /* UserAppUITests.swift in Sources */ = {isa = PBXBuildFile; fileRef = 84A6B4F92BFDBC6500E46248 /* UserAppUITests.swift */; };
		84A6B4FC2BFDBC6500E46248 /* UserAppUITestsLaunchTests.swift in Sources */ = {isa = PBXBuildFile; fileRef = 84A6B4FB2BFDBC6500E46248 /* UserAppUITestsLaunchTests.swift */; };
		84A6B5092BFDC40A00E46248 /* OnBoardingUI.swift in Sources */ = {isa = PBXBuildFile; fileRef = 84A6B5082BFDC40A00E46248 /* OnBoardingUI.swift */; };
		A81B3F0A2C12CEB700AF2E5C /* CountryCell.swift in Sources */ = {isa = PBXBuildFile; fileRef = A81B3F092C12CEB700AF2E5C /* CountryCell.swift */; };
		A83E5ACF2BFE191A009BDCB1 /* NumberRegistration.swift in Sources */ = {isa = PBXBuildFile; fileRef = A83E5ACE2BFE191A009BDCB1 /* NumberRegistration.swift */; };
		A898267E2C0DE4D100A2997D /* LanguageSelectionCellUI.swift in Sources */ = {isa = PBXBuildFile; fileRef = A898267D2C0DE4D100A2997D /* LanguageSelectionCellUI.swift */; };
		A89E5AE62C0DA44C00627E00 /* LanguageSelectionUI.swift in Sources */ = {isa = PBXBuildFile; fileRef = A89E5AE52C0DA44C00627E00 /* LanguageSelectionUI.swift */; };
		A89E5AE82C0DB46F00627E00 /* SplashScreenUI.swift in Sources */ = {isa = PBXBuildFile; fileRef = A89E5AE72C0DB46F00627E00 /* SplashScreenUI.swift */; };
		A8BF6E872C1074D400F54855 /* CurrencySelectionUI.swift in Sources */ = {isa = PBXBuildFile; fileRef = A8BF6E862C1074D400F54855 /* CurrencySelectionUI.swift */; };
		A8BF6E892C10782F00F54855 /* CurrencySelectionCellUI.swift in Sources */ = {isa = PBXBuildFile; fileRef = A8BF6E882C10782F00F54855 /* CurrencySelectionCellUI.swift */; };
		A8C7E4B42C11796D00ABF5BC /* CountrySelectionUI.swift in Sources */ = {isa = PBXBuildFile; fileRef = A8C7E4B32C11796D00ABF5BC /* CountrySelectionUI.swift */; };
		A8C7E4B72C117E0F00ABF5BC /* ColorExtention.swift in Sources */ = {isa = PBXBuildFile; fileRef = A8C7E4B62C117E0F00ABF5BC /* ColorExtention.swift */; };
		A8E430362C11BB5300A31364 /* Poppins-Bold.ttf in Resources */ = {isa = PBXBuildFile; fileRef = A8E430242C11BB5300A31364 /* Poppins-Bold.ttf */; };
		A8E430372C11BB5300A31364 /* Poppins-Light.ttf in Resources */ = {isa = PBXBuildFile; fileRef = A8E430252C11BB5300A31364 /* Poppins-Light.ttf */; };
		A8E430382C11BB5300A31364 /* Poppins-Medium.ttf in Resources */ = {isa = PBXBuildFile; fileRef = A8E430262C11BB5300A31364 /* Poppins-Medium.ttf */; };
		A8E430392C11BB5300A31364 /* Poppins-Regular.ttf in Resources */ = {isa = PBXBuildFile; fileRef = A8E430272C11BB5300A31364 /* Poppins-Regular.ttf */; };
		A8E4303A2C11BB5300A31364 /* Poppins-SemiBold.ttf in Resources */ = {isa = PBXBuildFile; fileRef = A8E430282C11BB5300A31364 /* Poppins-SemiBold.ttf */; };
		A8E4303B2C11BB5300A31364 /* Roboto-Black.ttf in Resources */ = {isa = PBXBuildFile; fileRef = A8E430292C11BB5300A31364 /* Roboto-Black.ttf */; };
		A8E4303C2C11BB5300A31364 /* Roboto-BlackItalic.ttf in Resources */ = {isa = PBXBuildFile; fileRef = A8E4302A2C11BB5300A31364 /* Roboto-BlackItalic.ttf */; };
		A8E4303D2C11BB5300A31364 /* Roboto-Bold.ttf in Resources */ = {isa = PBXBuildFile; fileRef = A8E4302B2C11BB5300A31364 /* Roboto-Bold.ttf */; };
		A8E4303E2C11BB5300A31364 /* Roboto-BoldItalic.ttf in Resources */ = {isa = PBXBuildFile; fileRef = A8E4302C2C11BB5300A31364 /* Roboto-BoldItalic.ttf */; };
		A8E4303F2C11BB5300A31364 /* Roboto-Italic.ttf in Resources */ = {isa = PBXBuildFile; fileRef = A8E4302D2C11BB5300A31364 /* Roboto-Italic.ttf */; };
		A8E430402C11BB5300A31364 /* Roboto-Light.ttf in Resources */ = {isa = PBXBuildFile; fileRef = A8E4302E2C11BB5300A31364 /* Roboto-Light.ttf */; };
		A8E430412C11BB5300A31364 /* Roboto-LightItalic.ttf in Resources */ = {isa = PBXBuildFile; fileRef = A8E4302F2C11BB5300A31364 /* Roboto-LightItalic.ttf */; };
		A8E430422C11BB5300A31364 /* Roboto-Medium.ttf in Resources */ = {isa = PBXBuildFile; fileRef = A8E430302C11BB5300A31364 /* Roboto-Medium.ttf */; };
		A8E430432C11BB5300A31364 /* Roboto-MediumItalic.ttf in Resources */ = {isa = PBXBuildFile; fileRef = A8E430312C11BB5300A31364 /* Roboto-MediumItalic.ttf */; };
		A8E430442C11BB5300A31364 /* Roboto-Regular.ttf in Resources */ = {isa = PBXBuildFile; fileRef = A8E430322C11BB5300A31364 /* Roboto-Regular.ttf */; };
		A8E430452C11BB5300A31364 /* Roboto-Thin.ttf in Resources */ = {isa = PBXBuildFile; fileRef = A8E430332C11BB5300A31364 /* Roboto-Thin.ttf */; };
		A8E430462C11BB5300A31364 /* Roboto-ThinItalic.ttf in Resources */ = {isa = PBXBuildFile; fileRef = A8E430342C11BB5300A31364 /* Roboto-ThinItalic.ttf */; };
		D3F08177119E44BCD0C67152 /* Pods_UserApp.framework in Frameworks */ = {isa = PBXBuildFile; fileRef = B4E6F6E630010F0A010C269E /* Pods_UserApp.framework */; };
/* End PBXBuildFile section */

/* Begin PBXContainerItemProxy section */
		84A6B4EC2BFDBC6500E46248 /* PBXContainerItemProxy */ = {
			isa = PBXContainerItemProxy;
			containerPortal = 84A6B4D32BFDBC6200E46248 /* Project object */;
			proxyType = 1;
			remoteGlobalIDString = 84A6B4DA2BFDBC6200E46248;
			remoteInfo = UserApp;
		};
		84A6B4F62BFDBC6500E46248 /* PBXContainerItemProxy */ = {
			isa = PBXContainerItemProxy;
			containerPortal = 84A6B4D32BFDBC6200E46248 /* Project object */;
			proxyType = 1;
			remoteGlobalIDString = 84A6B4DA2BFDBC6200E46248;
			remoteInfo = UserApp;
		};
/* End PBXContainerItemProxy section */

/* Begin PBXFileReference section */
		0B7E6FBF0183538C979847E5 /* Pods-UserApp.release.xcconfig */ = {isa = PBXFileReference; includeInIndex = 1; lastKnownFileType = text.xcconfig; name = "Pods-UserApp.release.xcconfig"; path = "Target Support Files/Pods-UserApp/Pods-UserApp.release.xcconfig"; sourceTree = "<group>"; };
		0EF0B893BA55AE51B7FB7DE2 /* Pods-UserAppTests.debug.xcconfig */ = {isa = PBXFileReference; includeInIndex = 1; lastKnownFileType = text.xcconfig; name = "Pods-UserAppTests.debug.xcconfig"; path = "Target Support Files/Pods-UserAppTests/Pods-UserAppTests.debug.xcconfig"; sourceTree = "<group>"; };
		137C062725C0EA1988FF962B /* Pods_UserApp_UserAppUITests.framework */ = {isa = PBXFileReference; explicitFileType = wrapper.framework; includeInIndex = 0; path = Pods_UserApp_UserAppUITests.framework; sourceTree = BUILT_PRODUCTS_DIR; };
		3535D6D5D6CA199AC4BA83CF /* Pods-UserAppTests.release.xcconfig */ = {isa = PBXFileReference; includeInIndex = 1; lastKnownFileType = text.xcconfig; name = "Pods-UserAppTests.release.xcconfig"; path = "Target Support Files/Pods-UserAppTests/Pods-UserAppTests.release.xcconfig"; sourceTree = "<group>"; };
		38D2B1EC38C3EF35D8C070FB /* Pods_UserAppTests.framework */ = {isa = PBXFileReference; explicitFileType = wrapper.framework; includeInIndex = 0; path = Pods_UserAppTests.framework; sourceTree = BUILT_PRODUCTS_DIR; };
		444070A1692BA08F1125A6E4 /* Pods-UserApp-UserAppUITests.release.xcconfig */ = {isa = PBXFileReference; includeInIndex = 1; lastKnownFileType = text.xcconfig; name = "Pods-UserApp-UserAppUITests.release.xcconfig"; path = "Target Support Files/Pods-UserApp-UserAppUITests/Pods-UserApp-UserAppUITests.release.xcconfig"; sourceTree = "<group>"; };
		84A6B4DB2BFDBC6300E46248 /* UserApp.app */ = {isa = PBXFileReference; explicitFileType = wrapper.application; includeInIndex = 0; path = UserApp.app; sourceTree = BUILT_PRODUCTS_DIR; };
		84A6B4DE2BFDBC6300E46248 /* UserAppApp.swift */ = {isa = PBXFileReference; lastKnownFileType = sourcecode.swift; path = UserAppApp.swift; sourceTree = "<group>"; };
		84A6B4E02BFDBC6300E46248 /* ContentView.swift */ = {isa = PBXFileReference; lastKnownFileType = sourcecode.swift; path = ContentView.swift; sourceTree = "<group>"; };
		84A6B4E22BFDBC6500E46248 /* Assets.xcassets */ = {isa = PBXFileReference; lastKnownFileType = folder.assetcatalog; path = Assets.xcassets; sourceTree = "<group>"; };
		84A6B4E52BFDBC6500E46248 /* Preview Assets.xcassets */ = {isa = PBXFileReference; lastKnownFileType = folder.assetcatalog; path = "Preview Assets.xcassets"; sourceTree = "<group>"; };
		84A6B4EB2BFDBC6500E46248 /* UserAppTests.xctest */ = {isa = PBXFileReference; explicitFileType = wrapper.cfbundle; includeInIndex = 0; path = UserAppTests.xctest; sourceTree = BUILT_PRODUCTS_DIR; };
		84A6B4EF2BFDBC6500E46248 /* UserAppTests.swift */ = {isa = PBXFileReference; lastKnownFileType = sourcecode.swift; path = UserAppTests.swift; sourceTree = "<group>"; };
		84A6B4F52BFDBC6500E46248 /* UserAppUITests.xctest */ = {isa = PBXFileReference; explicitFileType = wrapper.cfbundle; includeInIndex = 0; path = UserAppUITests.xctest; sourceTree = BUILT_PRODUCTS_DIR; };
		84A6B4F92BFDBC6500E46248 /* UserAppUITests.swift */ = {isa = PBXFileReference; lastKnownFileType = sourcecode.swift; path = UserAppUITests.swift; sourceTree = "<group>"; };
		84A6B4FB2BFDBC6500E46248 /* UserAppUITestsLaunchTests.swift */ = {isa = PBXFileReference; lastKnownFileType = sourcecode.swift; path = UserAppUITestsLaunchTests.swift; sourceTree = "<group>"; };
		84A6B5082BFDC40A00E46248 /* OnBoardingUI.swift */ = {isa = PBXFileReference; lastKnownFileType = sourcecode.swift; path = OnBoardingUI.swift; sourceTree = "<group>"; };
		89776AA83B9C8690B91D5F25 /* Pods-UserApp-UserAppUITests.debug.xcconfig */ = {isa = PBXFileReference; includeInIndex = 1; lastKnownFileType = text.xcconfig; name = "Pods-UserApp-UserAppUITests.debug.xcconfig"; path = "Target Support Files/Pods-UserApp-UserAppUITests/Pods-UserApp-UserAppUITests.debug.xcconfig"; sourceTree = "<group>"; };
		A81B3F092C12CEB700AF2E5C /* CountryCell.swift */ = {isa = PBXFileReference; lastKnownFileType = sourcecode.swift; path = CountryCell.swift; sourceTree = "<group>"; };
		A83E5ACE2BFE191A009BDCB1 /* NumberRegistration.swift */ = {isa = PBXFileReference; lastKnownFileType = sourcecode.swift; path = NumberRegistration.swift; sourceTree = "<group>"; };
		A898267D2C0DE4D100A2997D /* LanguageSelectionCellUI.swift */ = {isa = PBXFileReference; lastKnownFileType = sourcecode.swift; path = LanguageSelectionCellUI.swift; sourceTree = "<group>"; };
		A89E5AE52C0DA44C00627E00 /* LanguageSelectionUI.swift */ = {isa = PBXFileReference; fileEncoding = 4; lastKnownFileType = sourcecode.swift; path = LanguageSelectionUI.swift; sourceTree = "<group>"; };
		A89E5AE72C0DB46F00627E00 /* SplashScreenUI.swift */ = {isa = PBXFileReference; lastKnownFileType = sourcecode.swift; path = SplashScreenUI.swift; sourceTree = "<group>"; };
		A8BF6E862C1074D400F54855 /* CurrencySelectionUI.swift */ = {isa = PBXFileReference; lastKnownFileType = sourcecode.swift; path = CurrencySelectionUI.swift; sourceTree = "<group>"; };
		A8BF6E882C10782F00F54855 /* CurrencySelectionCellUI.swift */ = {isa = PBXFileReference; lastKnownFileType = sourcecode.swift; path = CurrencySelectionCellUI.swift; sourceTree = "<group>"; };
		A8C7E4B32C11796D00ABF5BC /* CountrySelectionUI.swift */ = {isa = PBXFileReference; lastKnownFileType = sourcecode.swift; path = CountrySelectionUI.swift; sourceTree = "<group>"; };
		A8C7E4B62C117E0F00ABF5BC /* ColorExtention.swift */ = {isa = PBXFileReference; lastKnownFileType = sourcecode.swift; path = ColorExtention.swift; sourceTree = "<group>"; };
		A8E430242C11BB5300A31364 /* Poppins-Bold.ttf */ = {isa = PBXFileReference; lastKnownFileType = file; path = "Poppins-Bold.ttf"; sourceTree = "<group>"; };
		A8E430252C11BB5300A31364 /* Poppins-Light.ttf */ = {isa = PBXFileReference; lastKnownFileType = file; path = "Poppins-Light.ttf"; sourceTree = "<group>"; };
		A8E430262C11BB5300A31364 /* Poppins-Medium.ttf */ = {isa = PBXFileReference; lastKnownFileType = file; path = "Poppins-Medium.ttf"; sourceTree = "<group>"; };
		A8E430272C11BB5300A31364 /* Poppins-Regular.ttf */ = {isa = PBXFileReference; lastKnownFileType = file; path = "Poppins-Regular.ttf"; sourceTree = "<group>"; };
		A8E430282C11BB5300A31364 /* Poppins-SemiBold.ttf */ = {isa = PBXFileReference; lastKnownFileType = file; path = "Poppins-SemiBold.ttf"; sourceTree = "<group>"; };
		A8E430292C11BB5300A31364 /* Roboto-Black.ttf */ = {isa = PBXFileReference; lastKnownFileType = file; path = "Roboto-Black.ttf"; sourceTree = "<group>"; };
		A8E4302A2C11BB5300A31364 /* Roboto-BlackItalic.ttf */ = {isa = PBXFileReference; lastKnownFileType = file; path = "Roboto-BlackItalic.ttf"; sourceTree = "<group>"; };
		A8E4302B2C11BB5300A31364 /* Roboto-Bold.ttf */ = {isa = PBXFileReference; lastKnownFileType = file; path = "Roboto-Bold.ttf"; sourceTree = "<group>"; };
		A8E4302C2C11BB5300A31364 /* Roboto-BoldItalic.ttf */ = {isa = PBXFileReference; lastKnownFileType = file; path = "Roboto-BoldItalic.ttf"; sourceTree = "<group>"; };
		A8E4302D2C11BB5300A31364 /* Roboto-Italic.ttf */ = {isa = PBXFileReference; lastKnownFileType = file; path = "Roboto-Italic.ttf"; sourceTree = "<group>"; };
		A8E4302E2C11BB5300A31364 /* Roboto-Light.ttf */ = {isa = PBXFileReference; lastKnownFileType = file; path = "Roboto-Light.ttf"; sourceTree = "<group>"; };
		A8E4302F2C11BB5300A31364 /* Roboto-LightItalic.ttf */ = {isa = PBXFileReference; lastKnownFileType = file; path = "Roboto-LightItalic.ttf"; sourceTree = "<group>"; };
		A8E430302C11BB5300A31364 /* Roboto-Medium.ttf */ = {isa = PBXFileReference; lastKnownFileType = file; path = "Roboto-Medium.ttf"; sourceTree = "<group>"; };
		A8E430312C11BB5300A31364 /* Roboto-MediumItalic.ttf */ = {isa = PBXFileReference; lastKnownFileType = file; path = "Roboto-MediumItalic.ttf"; sourceTree = "<group>"; };
		A8E430322C11BB5300A31364 /* Roboto-Regular.ttf */ = {isa = PBXFileReference; lastKnownFileType = file; path = "Roboto-Regular.ttf"; sourceTree = "<group>"; };
		A8E430332C11BB5300A31364 /* Roboto-Thin.ttf */ = {isa = PBXFileReference; lastKnownFileType = file; path = "Roboto-Thin.ttf"; sourceTree = "<group>"; };
		A8E430342C11BB5300A31364 /* Roboto-ThinItalic.ttf */ = {isa = PBXFileReference; lastKnownFileType = file; path = "Roboto-ThinItalic.ttf"; sourceTree = "<group>"; };
		A8E430492C11C7EE00A31364 /* Info.plist */ = {isa = PBXFileReference; lastKnownFileType = text.plist; path = Info.plist; sourceTree = "<group>"; };
		B4E6F6E630010F0A010C269E /* Pods_UserApp.framework */ = {isa = PBXFileReference; explicitFileType = wrapper.framework; includeInIndex = 0; path = Pods_UserApp.framework; sourceTree = BUILT_PRODUCTS_DIR; };
		B69E4990457E7C844C3F70E3 /* Pods-UserApp.debug.xcconfig */ = {isa = PBXFileReference; includeInIndex = 1; lastKnownFileType = text.xcconfig; name = "Pods-UserApp.debug.xcconfig"; path = "Target Support Files/Pods-UserApp/Pods-UserApp.debug.xcconfig"; sourceTree = "<group>"; };
/* End PBXFileReference section */

/* Begin PBXFrameworksBuildPhase section */
		84A6B4D82BFDBC6200E46248 /* Frameworks */ = {
			isa = PBXFrameworksBuildPhase;
			buildActionMask = 2147483647;
			files = (
				D3F08177119E44BCD0C67152 /* Pods_UserApp.framework in Frameworks */,
			);
			runOnlyForDeploymentPostprocessing = 0;
		};
		84A6B4E82BFDBC6500E46248 /* Frameworks */ = {
			isa = PBXFrameworksBuildPhase;
			buildActionMask = 2147483647;
			files = (
				80CFD3A63BBBB53FAD2817E4 /* Pods_UserAppTests.framework in Frameworks */,
			);
			runOnlyForDeploymentPostprocessing = 0;
		};
		84A6B4F22BFDBC6500E46248 /* Frameworks */ = {
			isa = PBXFrameworksBuildPhase;
			buildActionMask = 2147483647;
			files = (
				736BA51DC53DED990E1067D8 /* Pods_UserApp_UserAppUITests.framework in Frameworks */,
			);
			runOnlyForDeploymentPostprocessing = 0;
		};
/* End PBXFrameworksBuildPhase section */

/* Begin PBXGroup section */
		84A6B4D22BFDBC6200E46248 = {
			isa = PBXGroup;
			children = (
				84A6B4DD2BFDBC6300E46248 /* UserApp */,
				84A6B4EE2BFDBC6500E46248 /* UserAppTests */,
				84A6B4F82BFDBC6500E46248 /* UserAppUITests */,
				84A6B4DC2BFDBC6300E46248 /* Products */,
				A626176E0ED1C63DAC363654 /* Pods */,
				C3DA99027A73D134239526AB /* Frameworks */,
			);
			sourceTree = "<group>";
		};
		84A6B4DC2BFDBC6300E46248 /* Products */ = {
			isa = PBXGroup;
			children = (
				84A6B4DB2BFDBC6300E46248 /* UserApp.app */,
				84A6B4EB2BFDBC6500E46248 /* UserAppTests.xctest */,
				84A6B4F52BFDBC6500E46248 /* UserAppUITests.xctest */,
			);
			name = Products;
			sourceTree = "<group>";
		};
		84A6B4DD2BFDBC6300E46248 /* UserApp */ = {
			isa = PBXGroup;
			children = (
				A8E430492C11C7EE00A31364 /* Info.plist */,
				84A6B4DE2BFDBC6300E46248 /* UserAppApp.swift */,
				84A6B4E02BFDBC6300E46248 /* ContentView.swift */,
				A89E5AE72C0DB46F00627E00 /* SplashScreenUI.swift */,
				A8C7E4B52C117DC900ABF5BC /* Extensions */,
				A8C7E4B12C11784400ABF5BC /* Onboarding */,
				A8C7E4B22C1178F600ABF5BC /* Registration */,
				84A6B4E22BFDBC6500E46248 /* Assets.xcassets */,
				A8E430352C11BB5300A31364 /* fonts */,
				84A6B4E42BFDBC6500E46248 /* Preview Content */,
			);
			path = UserApp;
			sourceTree = "<group>";
		};
		84A6B4E42BFDBC6500E46248 /* Preview Content */ = {
			isa = PBXGroup;
			children = (
				84A6B4E52BFDBC6500E46248 /* Preview Assets.xcassets */,
			);
			path = "Preview Content";
			sourceTree = "<group>";
		};
		84A6B4EE2BFDBC6500E46248 /* UserAppTests */ = {
			isa = PBXGroup;
			children = (
				84A6B4EF2BFDBC6500E46248 /* UserAppTests.swift */,
			);
			path = UserAppTests;
			sourceTree = "<group>";
		};
		84A6B4F82BFDBC6500E46248 /* UserAppUITests */ = {
			isa = PBXGroup;
			children = (
				84A6B4F92BFDBC6500E46248 /* UserAppUITests.swift */,
				84A6B4FB2BFDBC6500E46248 /* UserAppUITestsLaunchTests.swift */,
			);
			path = UserAppUITests;
			sourceTree = "<group>";
		};
		A626176E0ED1C63DAC363654 /* Pods */ = {
			isa = PBXGroup;
			children = (
				B69E4990457E7C844C3F70E3 /* Pods-UserApp.debug.xcconfig */,
				0B7E6FBF0183538C979847E5 /* Pods-UserApp.release.xcconfig */,
				89776AA83B9C8690B91D5F25 /* Pods-UserApp-UserAppUITests.debug.xcconfig */,
				444070A1692BA08F1125A6E4 /* Pods-UserApp-UserAppUITests.release.xcconfig */,
				0EF0B893BA55AE51B7FB7DE2 /* Pods-UserAppTests.debug.xcconfig */,
				3535D6D5D6CA199AC4BA83CF /* Pods-UserAppTests.release.xcconfig */,
			);
			path = Pods;
			sourceTree = "<group>";
		};
		A8C7E4B12C11784400ABF5BC /* Onboarding */ = {
			isa = PBXGroup;
			children = (
				84A6B5082BFDC40A00E46248 /* OnBoardingUI.swift */,
				A89E5AE52C0DA44C00627E00 /* LanguageSelectionUI.swift */,
				A898267D2C0DE4D100A2997D /* LanguageSelectionCellUI.swift */,
				A8BF6E862C1074D400F54855 /* CurrencySelectionUI.swift */,
				A8BF6E882C10782F00F54855 /* CurrencySelectionCellUI.swift */,
			);
			path = Onboarding;
			sourceTree = "<group>";
		};
		A8C7E4B22C1178F600ABF5BC /* Registration */ = {
			isa = PBXGroup;
			children = (
				A83E5ACE2BFE191A009BDCB1 /* NumberRegistration.swift */,
				A8C7E4B32C11796D00ABF5BC /* CountrySelectionUI.swift */,
				A81B3F092C12CEB700AF2E5C /* CountryCell.swift */,
			);
			path = Registration;
			sourceTree = "<group>";
		};
		A8C7E4B52C117DC900ABF5BC /* Extensions */ = {
			isa = PBXGroup;
			children = (
				A8C7E4B62C117E0F00ABF5BC /* ColorExtention.swift */,
			);
			path = Extensions;
			sourceTree = "<group>";
		};
		A8E430352C11BB5300A31364 /* fonts */ = {
			isa = PBXGroup;
			children = (
				A8E430242C11BB5300A31364 /* Poppins-Bold.ttf */,
				A8E430252C11BB5300A31364 /* Poppins-Light.ttf */,
				A8E430262C11BB5300A31364 /* Poppins-Medium.ttf */,
				A8E430272C11BB5300A31364 /* Poppins-Regular.ttf */,
				A8E430282C11BB5300A31364 /* Poppins-SemiBold.ttf */,
				A8E430292C11BB5300A31364 /* Roboto-Black.ttf */,
				A8E4302A2C11BB5300A31364 /* Roboto-BlackItalic.ttf */,
				A8E4302B2C11BB5300A31364 /* Roboto-Bold.ttf */,
				A8E4302C2C11BB5300A31364 /* Roboto-BoldItalic.ttf */,
				A8E4302D2C11BB5300A31364 /* Roboto-Italic.ttf */,
				A8E4302E2C11BB5300A31364 /* Roboto-Light.ttf */,
				A8E4302F2C11BB5300A31364 /* Roboto-LightItalic.ttf */,
				A8E430302C11BB5300A31364 /* Roboto-Medium.ttf */,
				A8E430312C11BB5300A31364 /* Roboto-MediumItalic.ttf */,
				A8E430322C11BB5300A31364 /* Roboto-Regular.ttf */,
				A8E430332C11BB5300A31364 /* Roboto-Thin.ttf */,
				A8E430342C11BB5300A31364 /* Roboto-ThinItalic.ttf */,
			);
			path = fonts;
			sourceTree = "<group>";
		};
		C3DA99027A73D134239526AB /* Frameworks */ = {
			isa = PBXGroup;
			children = (
				B4E6F6E630010F0A010C269E /* Pods_UserApp.framework */,
				137C062725C0EA1988FF962B /* Pods_UserApp_UserAppUITests.framework */,
				38D2B1EC38C3EF35D8C070FB /* Pods_UserAppTests.framework */,
			);
			name = Frameworks;
			sourceTree = "<group>";
		};
/* End PBXGroup section */

/* Begin PBXNativeTarget section */
		84A6B4DA2BFDBC6200E46248 /* UserApp */ = {
			isa = PBXNativeTarget;
			buildConfigurationList = 84A6B4FF2BFDBC6500E46248 /* Build configuration list for PBXNativeTarget "UserApp" */;
			buildPhases = (
				F3168D4E106C62DD2B1BA1C4 /* [CP] Check Pods Manifest.lock */,
				84A6B4D72BFDBC6200E46248 /* Sources */,
				84A6B4D82BFDBC6200E46248 /* Frameworks */,
				84A6B4D92BFDBC6200E46248 /* Resources */,
			);
			buildRules = (
			);
			dependencies = (
			);
			name = UserApp;
			productName = UserApp;
			productReference = 84A6B4DB2BFDBC6300E46248 /* UserApp.app */;
			productType = "com.apple.product-type.application";
		};
		84A6B4EA2BFDBC6500E46248 /* UserAppTests */ = {
			isa = PBXNativeTarget;
			buildConfigurationList = 84A6B5022BFDBC6500E46248 /* Build configuration list for PBXNativeTarget "UserAppTests" */;
			buildPhases = (
				1AE6A5D06E276FE344663BF1 /* [CP] Check Pods Manifest.lock */,
				84A6B4E72BFDBC6500E46248 /* Sources */,
				84A6B4E82BFDBC6500E46248 /* Frameworks */,
				84A6B4E92BFDBC6500E46248 /* Resources */,
			);
			buildRules = (
			);
			dependencies = (
				84A6B4ED2BFDBC6500E46248 /* PBXTargetDependency */,
			);
			name = UserAppTests;
			productName = UserAppTests;
			productReference = 84A6B4EB2BFDBC6500E46248 /* UserAppTests.xctest */;
			productType = "com.apple.product-type.bundle.unit-test";
		};
		84A6B4F42BFDBC6500E46248 /* UserAppUITests */ = {
			isa = PBXNativeTarget;
			buildConfigurationList = 84A6B5052BFDBC6500E46248 /* Build configuration list for PBXNativeTarget "UserAppUITests" */;
			buildPhases = (
				7AADBE4A278E896C6D5CFB37 /* [CP] Check Pods Manifest.lock */,
				84A6B4F12BFDBC6500E46248 /* Sources */,
				84A6B4F22BFDBC6500E46248 /* Frameworks */,
				84A6B4F32BFDBC6500E46248 /* Resources */,
			);
			buildRules = (
			);
			dependencies = (
				84A6B4F72BFDBC6500E46248 /* PBXTargetDependency */,
			);
			name = UserAppUITests;
			productName = UserAppUITests;
			productReference = 84A6B4F52BFDBC6500E46248 /* UserAppUITests.xctest */;
			productType = "com.apple.product-type.bundle.ui-testing";
		};
/* End PBXNativeTarget section */

/* Begin PBXProject section */
		84A6B4D32BFDBC6200E46248 /* Project object */ = {
			isa = PBXProject;
			attributes = {
				BuildIndependentTargetsInParallel = 1;
				LastSwiftUpdateCheck = 1520;
				LastUpgradeCheck = 1520;
				TargetAttributes = {
					84A6B4DA2BFDBC6200E46248 = {
						CreatedOnToolsVersion = 15.2;
					};
					84A6B4EA2BFDBC6500E46248 = {
						CreatedOnToolsVersion = 15.2;
						TestTargetID = 84A6B4DA2BFDBC6200E46248;
					};
					84A6B4F42BFDBC6500E46248 = {
						CreatedOnToolsVersion = 15.2;
						TestTargetID = 84A6B4DA2BFDBC6200E46248;
					};
				};
			};
			buildConfigurationList = 84A6B4D62BFDBC6200E46248 /* Build configuration list for PBXProject "UserApp" */;
			compatibilityVersion = "Xcode 14.0";
			developmentRegion = en;
			hasScannedForEncodings = 0;
			knownRegions = (
				en,
				Base,
			);
			mainGroup = 84A6B4D22BFDBC6200E46248;
			productRefGroup = 84A6B4DC2BFDBC6300E46248 /* Products */;
			projectDirPath = "";
			projectRoot = "";
			targets = (
				84A6B4DA2BFDBC6200E46248 /* UserApp */,
				84A6B4EA2BFDBC6500E46248 /* UserAppTests */,
				84A6B4F42BFDBC6500E46248 /* UserAppUITests */,
			);
		};
/* End PBXProject section */

/* Begin PBXResourcesBuildPhase section */
		84A6B4D92BFDBC6200E46248 /* Resources */ = {
			isa = PBXResourcesBuildPhase;
			buildActionMask = 2147483647;
			files = (
				84A6B4E62BFDBC6500E46248 /* Preview Assets.xcassets in Resources */,
				A8E4303F2C11BB5300A31364 /* Roboto-Italic.ttf in Resources */,
				A8E430412C11BB5300A31364 /* Roboto-LightItalic.ttf in Resources */,
				A8E4303E2C11BB5300A31364 /* Roboto-BoldItalic.ttf in Resources */,
				A8E4303A2C11BB5300A31364 /* Poppins-SemiBold.ttf in Resources */,
				A8E430422C11BB5300A31364 /* Roboto-Medium.ttf in Resources */,
				A8E4303D2C11BB5300A31364 /* Roboto-Bold.ttf in Resources */,
				A8E430362C11BB5300A31364 /* Poppins-Bold.ttf in Resources */,
				A8E430452C11BB5300A31364 /* Roboto-Thin.ttf in Resources */,
				A8E4303B2C11BB5300A31364 /* Roboto-Black.ttf in Resources */,
				A8E4303C2C11BB5300A31364 /* Roboto-BlackItalic.ttf in Resources */,
				84A6B4E32BFDBC6500E46248 /* Assets.xcassets in Resources */,
				A8E430402C11BB5300A31364 /* Roboto-Light.ttf in Resources */,
				A8E430432C11BB5300A31364 /* Roboto-MediumItalic.ttf in Resources */,
				A8E430392C11BB5300A31364 /* Poppins-Regular.ttf in Resources */,
				A8E430442C11BB5300A31364 /* Roboto-Regular.ttf in Resources */,
				A8E430462C11BB5300A31364 /* Roboto-ThinItalic.ttf in Resources */,
				A8E430372C11BB5300A31364 /* Poppins-Light.ttf in Resources */,
				A8E430382C11BB5300A31364 /* Poppins-Medium.ttf in Resources */,
			);
			runOnlyForDeploymentPostprocessing = 0;
		};
		84A6B4E92BFDBC6500E46248 /* Resources */ = {
			isa = PBXResourcesBuildPhase;
			buildActionMask = 2147483647;
			files = (
			);
			runOnlyForDeploymentPostprocessing = 0;
		};
		84A6B4F32BFDBC6500E46248 /* Resources */ = {
			isa = PBXResourcesBuildPhase;
			buildActionMask = 2147483647;
			files = (
			);
			runOnlyForDeploymentPostprocessing = 0;
		};
/* End PBXResourcesBuildPhase section */

/* Begin PBXShellScriptBuildPhase section */
		1AE6A5D06E276FE344663BF1 /* [CP] Check Pods Manifest.lock */ = {
			isa = PBXShellScriptBuildPhase;
			buildActionMask = 2147483647;
			files = (
			);
			inputFileListPaths = (
			);
			inputPaths = (
				"${PODS_PODFILE_DIR_PATH}/Podfile.lock",
				"${PODS_ROOT}/Manifest.lock",
			);
			name = "[CP] Check Pods Manifest.lock";
			outputFileListPaths = (
			);
			outputPaths = (
				"$(DERIVED_FILE_DIR)/Pods-UserAppTests-checkManifestLockResult.txt",
			);
			runOnlyForDeploymentPostprocessing = 0;
			shellPath = /bin/sh;
			shellScript = "diff \"${PODS_PODFILE_DIR_PATH}/Podfile.lock\" \"${PODS_ROOT}/Manifest.lock\" > /dev/null\nif [ $? != 0 ] ; then\n    # print error to STDERR\n    echo \"error: The sandbox is not in sync with the Podfile.lock. Run 'pod install' or update your CocoaPods installation.\" >&2\n    exit 1\nfi\n# This output is used by Xcode 'outputs' to avoid re-running this script phase.\necho \"SUCCESS\" > \"${SCRIPT_OUTPUT_FILE_0}\"\n";
			showEnvVarsInLog = 0;
		};
		7AADBE4A278E896C6D5CFB37 /* [CP] Check Pods Manifest.lock */ = {
			isa = PBXShellScriptBuildPhase;
			buildActionMask = 2147483647;
			files = (
			);
			inputFileListPaths = (
			);
			inputPaths = (
				"${PODS_PODFILE_DIR_PATH}/Podfile.lock",
				"${PODS_ROOT}/Manifest.lock",
			);
			name = "[CP] Check Pods Manifest.lock";
			outputFileListPaths = (
			);
			outputPaths = (
				"$(DERIVED_FILE_DIR)/Pods-UserApp-UserAppUITests-checkManifestLockResult.txt",
			);
			runOnlyForDeploymentPostprocessing = 0;
			shellPath = /bin/sh;
			shellScript = "diff \"${PODS_PODFILE_DIR_PATH}/Podfile.lock\" \"${PODS_ROOT}/Manifest.lock\" > /dev/null\nif [ $? != 0 ] ; then\n    # print error to STDERR\n    echo \"error: The sandbox is not in sync with the Podfile.lock. Run 'pod install' or update your CocoaPods installation.\" >&2\n    exit 1\nfi\n# This output is used by Xcode 'outputs' to avoid re-running this script phase.\necho \"SUCCESS\" > \"${SCRIPT_OUTPUT_FILE_0}\"\n";
			showEnvVarsInLog = 0;
		};
		F3168D4E106C62DD2B1BA1C4 /* [CP] Check Pods Manifest.lock */ = {
			isa = PBXShellScriptBuildPhase;
			buildActionMask = 2147483647;
			files = (
			);
			inputFileListPaths = (
			);
			inputPaths = (
				"${PODS_PODFILE_DIR_PATH}/Podfile.lock",
				"${PODS_ROOT}/Manifest.lock",
			);
			name = "[CP] Check Pods Manifest.lock";
			outputFileListPaths = (
			);
			outputPaths = (
				"$(DERIVED_FILE_DIR)/Pods-UserApp-checkManifestLockResult.txt",
			);
			runOnlyForDeploymentPostprocessing = 0;
			shellPath = /bin/sh;
			shellScript = "diff \"${PODS_PODFILE_DIR_PATH}/Podfile.lock\" \"${PODS_ROOT}/Manifest.lock\" > /dev/null\nif [ $? != 0 ] ; then\n    # print error to STDERR\n    echo \"error: The sandbox is not in sync with the Podfile.lock. Run 'pod install' or update your CocoaPods installation.\" >&2\n    exit 1\nfi\n# This output is used by Xcode 'outputs' to avoid re-running this script phase.\necho \"SUCCESS\" > \"${SCRIPT_OUTPUT_FILE_0}\"\n";
			showEnvVarsInLog = 0;
		};
/* End PBXShellScriptBuildPhase section */

/* Begin PBXSourcesBuildPhase section */
		84A6B4D72BFDBC6200E46248 /* Sources */ = {
			isa = PBXSourcesBuildPhase;
			buildActionMask = 2147483647;
			files = (
				A89E5AE82C0DB46F00627E00 /* SplashScreenUI.swift in Sources */,
				A8C7E4B42C11796D00ABF5BC /* CountrySelectionUI.swift in Sources */,
				84A6B5092BFDC40A00E46248 /* OnBoardingUI.swift in Sources */,
				84A6B4E12BFDBC6300E46248 /* ContentView.swift in Sources */,
				A8BF6E872C1074D400F54855 /* CurrencySelectionUI.swift in Sources */,
				A89E5AE62C0DA44C00627E00 /* LanguageSelectionUI.swift in Sources */,
				A8BF6E892C10782F00F54855 /* CurrencySelectionCellUI.swift in Sources */,
				84A6B4DF2BFDBC6300E46248 /* UserAppApp.swift in Sources */,
				A81B3F0A2C12CEB700AF2E5C /* CountryCell.swift in Sources */,
				A898267E2C0DE4D100A2997D /* LanguageSelectionCellUI.swift in Sources */,
				A8C7E4B72C117E0F00ABF5BC /* ColorExtention.swift in Sources */,
				A83E5ACF2BFE191A009BDCB1 /* NumberRegistration.swift in Sources */,
			);
			runOnlyForDeploymentPostprocessing = 0;
		};
		84A6B4E72BFDBC6500E46248 /* Sources */ = {
			isa = PBXSourcesBuildPhase;
			buildActionMask = 2147483647;
			files = (
				84A6B4F02BFDBC6500E46248 /* UserAppTests.swift in Sources */,
			);
			runOnlyForDeploymentPostprocessing = 0;
		};
		84A6B4F12BFDBC6500E46248 /* Sources */ = {
			isa = PBXSourcesBuildPhase;
			buildActionMask = 2147483647;
			files = (
				84A6B4FA2BFDBC6500E46248 /* UserAppUITests.swift in Sources */,
				84A6B4FC2BFDBC6500E46248 /* UserAppUITestsLaunchTests.swift in Sources */,
			);
			runOnlyForDeploymentPostprocessing = 0;
		};
/* End PBXSourcesBuildPhase section */

/* Begin PBXTargetDependency section */
		84A6B4ED2BFDBC6500E46248 /* PBXTargetDependency */ = {
			isa = PBXTargetDependency;
			target = 84A6B4DA2BFDBC6200E46248 /* UserApp */;
			targetProxy = 84A6B4EC2BFDBC6500E46248 /* PBXContainerItemProxy */;
		};
		84A6B4F72BFDBC6500E46248 /* PBXTargetDependency */ = {
			isa = PBXTargetDependency;
			target = 84A6B4DA2BFDBC6200E46248 /* UserApp */;
			targetProxy = 84A6B4F62BFDBC6500E46248 /* PBXContainerItemProxy */;
		};
/* End PBXTargetDependency section */

/* Begin XCBuildConfiguration section */
		84A6B4FD2BFDBC6500E46248 /* Debug */ = {
			isa = XCBuildConfiguration;
			buildSettings = {
				ALWAYS_SEARCH_USER_PATHS = NO;
				ASSETCATALOG_COMPILER_GENERATE_SWIFT_ASSET_SYMBOL_EXTENSIONS = YES;
				CLANG_ANALYZER_NONNULL = YES;
				CLANG_ANALYZER_NUMBER_OBJECT_CONVERSION = YES_AGGRESSIVE;
				CLANG_CXX_LANGUAGE_STANDARD = "gnu++20";
				CLANG_ENABLE_MODULES = YES;
				CLANG_ENABLE_OBJC_ARC = YES;
				CLANG_ENABLE_OBJC_WEAK = YES;
				CLANG_WARN_BLOCK_CAPTURE_AUTORELEASING = YES;
				CLANG_WARN_BOOL_CONVERSION = YES;
				CLANG_WARN_COMMA = YES;
				CLANG_WARN_CONSTANT_CONVERSION = YES;
				CLANG_WARN_DEPRECATED_OBJC_IMPLEMENTATIONS = YES;
				CLANG_WARN_DIRECT_OBJC_ISA_USAGE = YES_ERROR;
				CLANG_WARN_DOCUMENTATION_COMMENTS = YES;
				CLANG_WARN_EMPTY_BODY = YES;
				CLANG_WARN_ENUM_CONVERSION = YES;
				CLANG_WARN_INFINITE_RECURSION = YES;
				CLANG_WARN_INT_CONVERSION = YES;
				CLANG_WARN_NON_LITERAL_NULL_CONVERSION = YES;
				CLANG_WARN_OBJC_IMPLICIT_RETAIN_SELF = YES;
				CLANG_WARN_OBJC_LITERAL_CONVERSION = YES;
				CLANG_WARN_OBJC_ROOT_CLASS = YES_ERROR;
				CLANG_WARN_QUOTED_INCLUDE_IN_FRAMEWORK_HEADER = YES;
				CLANG_WARN_RANGE_LOOP_ANALYSIS = YES;
				CLANG_WARN_STRICT_PROTOTYPES = YES;
				CLANG_WARN_SUSPICIOUS_MOVE = YES;
				CLANG_WARN_UNGUARDED_AVAILABILITY = YES_AGGRESSIVE;
				CLANG_WARN_UNREACHABLE_CODE = YES;
				CLANG_WARN__DUPLICATE_METHOD_MATCH = YES;
				COPY_PHASE_STRIP = NO;
				DEBUG_INFORMATION_FORMAT = dwarf;
				ENABLE_STRICT_OBJC_MSGSEND = YES;
				ENABLE_TESTABILITY = YES;
				ENABLE_USER_SCRIPT_SANDBOXING = YES;
				GCC_C_LANGUAGE_STANDARD = gnu17;
				GCC_DYNAMIC_NO_PIC = NO;
				GCC_NO_COMMON_BLOCKS = YES;
				GCC_OPTIMIZATION_LEVEL = 0;
				GCC_PREPROCESSOR_DEFINITIONS = (
					"DEBUG=1",
					"$(inherited)",
				);
				GCC_WARN_64_TO_32_BIT_CONVERSION = YES;
				GCC_WARN_ABOUT_RETURN_TYPE = YES_ERROR;
				GCC_WARN_UNDECLARED_SELECTOR = YES;
				GCC_WARN_UNINITIALIZED_AUTOS = YES_AGGRESSIVE;
				GCC_WARN_UNUSED_FUNCTION = YES;
				GCC_WARN_UNUSED_VARIABLE = YES;
				IPHONEOS_DEPLOYMENT_TARGET = 17.2;
				LOCALIZATION_PREFERS_STRING_CATALOGS = YES;
				MTL_ENABLE_DEBUG_INFO = INCLUDE_SOURCE;
				MTL_FAST_MATH = YES;
				ONLY_ACTIVE_ARCH = YES;
				SDKROOT = iphoneos;
				SWIFT_ACTIVE_COMPILATION_CONDITIONS = "DEBUG $(inherited)";
				SWIFT_OPTIMIZATION_LEVEL = "-Onone";
			};
			name = Debug;
		};
		84A6B4FE2BFDBC6500E46248 /* Release */ = {
			isa = XCBuildConfiguration;
			buildSettings = {
				ALWAYS_SEARCH_USER_PATHS = NO;
				ASSETCATALOG_COMPILER_GENERATE_SWIFT_ASSET_SYMBOL_EXTENSIONS = YES;
				CLANG_ANALYZER_NONNULL = YES;
				CLANG_ANALYZER_NUMBER_OBJECT_CONVERSION = YES_AGGRESSIVE;
				CLANG_CXX_LANGUAGE_STANDARD = "gnu++20";
				CLANG_ENABLE_MODULES = YES;
				CLANG_ENABLE_OBJC_ARC = YES;
				CLANG_ENABLE_OBJC_WEAK = YES;
				CLANG_WARN_BLOCK_CAPTURE_AUTORELEASING = YES;
				CLANG_WARN_BOOL_CONVERSION = YES;
				CLANG_WARN_COMMA = YES;
				CLANG_WARN_CONSTANT_CONVERSION = YES;
				CLANG_WARN_DEPRECATED_OBJC_IMPLEMENTATIONS = YES;
				CLANG_WARN_DIRECT_OBJC_ISA_USAGE = YES_ERROR;
				CLANG_WARN_DOCUMENTATION_COMMENTS = YES;
				CLANG_WARN_EMPTY_BODY = YES;
				CLANG_WARN_ENUM_CONVERSION = YES;
				CLANG_WARN_INFINITE_RECURSION = YES;
				CLANG_WARN_INT_CONVERSION = YES;
				CLANG_WARN_NON_LITERAL_NULL_CONVERSION = YES;
				CLANG_WARN_OBJC_IMPLICIT_RETAIN_SELF = YES;
				CLANG_WARN_OBJC_LITERAL_CONVERSION = YES;
				CLANG_WARN_OBJC_ROOT_CLASS = YES_ERROR;
				CLANG_WARN_QUOTED_INCLUDE_IN_FRAMEWORK_HEADER = YES;
				CLANG_WARN_RANGE_LOOP_ANALYSIS = YES;
				CLANG_WARN_STRICT_PROTOTYPES = YES;
				CLANG_WARN_SUSPICIOUS_MOVE = YES;
				CLANG_WARN_UNGUARDED_AVAILABILITY = YES_AGGRESSIVE;
				CLANG_WARN_UNREACHABLE_CODE = YES;
				CLANG_WARN__DUPLICATE_METHOD_MATCH = YES;
				COPY_PHASE_STRIP = NO;
				DEBUG_INFORMATION_FORMAT = "dwarf-with-dsym";
				ENABLE_NS_ASSERTIONS = NO;
				ENABLE_STRICT_OBJC_MSGSEND = YES;
				ENABLE_USER_SCRIPT_SANDBOXING = YES;
				GCC_C_LANGUAGE_STANDARD = gnu17;
				GCC_NO_COMMON_BLOCKS = YES;
				GCC_WARN_64_TO_32_BIT_CONVERSION = YES;
				GCC_WARN_ABOUT_RETURN_TYPE = YES_ERROR;
				GCC_WARN_UNDECLARED_SELECTOR = YES;
				GCC_WARN_UNINITIALIZED_AUTOS = YES_AGGRESSIVE;
				GCC_WARN_UNUSED_FUNCTION = YES;
				GCC_WARN_UNUSED_VARIABLE = YES;
				IPHONEOS_DEPLOYMENT_TARGET = 17.2;
				LOCALIZATION_PREFERS_STRING_CATALOGS = YES;
				MTL_ENABLE_DEBUG_INFO = NO;
				MTL_FAST_MATH = YES;
				SDKROOT = iphoneos;
				SWIFT_COMPILATION_MODE = wholemodule;
				VALIDATE_PRODUCT = YES;
			};
			name = Release;
		};
		84A6B5002BFDBC6500E46248 /* Debug */ = {
			isa = XCBuildConfiguration;
			baseConfigurationReference = B69E4990457E7C844C3F70E3 /* Pods-UserApp.debug.xcconfig */;
			buildSettings = {
				ASSETCATALOG_COMPILER_APPICON_NAME = AppIcon;
				ASSETCATALOG_COMPILER_GLOBAL_ACCENT_COLOR_NAME = AccentColor;
				CODE_SIGN_STYLE = Automatic;
				CURRENT_PROJECT_VERSION = 1;
				DEVELOPMENT_ASSET_PATHS = "\"UserApp/Preview Content\"";
				DEVELOPMENT_TEAM = LTJ3JTYH2C;
				ENABLE_PREVIEWS = YES;
				GENERATE_INFOPLIST_FILE = YES;
				INFOPLIST_FILE = UserApp/Info.plist;
				INFOPLIST_KEY_UIApplicationSceneManifest_Generation = YES;
				INFOPLIST_KEY_UIApplicationSupportsIndirectInputEvents = YES;
				INFOPLIST_KEY_UILaunchScreen_Generation = YES;
				INFOPLIST_KEY_UISupportedInterfaceOrientations_iPad = "UIInterfaceOrientationPortrait UIInterfaceOrientationPortraitUpsideDown UIInterfaceOrientationLandscapeLeft UIInterfaceOrientationLandscapeRight";
				INFOPLIST_KEY_UISupportedInterfaceOrientations_iPhone = "UIInterfaceOrientationPortrait UIInterfaceOrientationPortrait UIInterfaceOrientationLandscapeLeft UIInterfaceOrientationLandscapeRight";
				LD_RUNPATH_SEARCH_PATHS = (
					"$(inherited)",
					"@executable_path/Frameworks",
				);
				MARKETING_VERSION = 1.0;
				PRODUCT_BUNDLE_IDENTIFIER = Askkio.askkio.UserApp;
				PRODUCT_NAME = "$(TARGET_NAME)";
				SWIFT_EMIT_LOC_STRINGS = YES;
				SWIFT_VERSION = 5.0;
				TARGETED_DEVICE_FAMILY = "1,2";
			};
			name = Debug;
		};
		84A6B5012BFDBC6500E46248 /* Release */ = {
			isa = XCBuildConfiguration;
			baseConfigurationReference = 0B7E6FBF0183538C979847E5 /* Pods-UserApp.release.xcconfig */;
			buildSettings = {
				ASSETCATALOG_COMPILER_APPICON_NAME = AppIcon;
				ASSETCATALOG_COMPILER_GLOBAL_ACCENT_COLOR_NAME = AccentColor;
				CODE_SIGN_STYLE = Automatic;
				CURRENT_PROJECT_VERSION = 1;
				DEVELOPMENT_ASSET_PATHS = "\"UserApp/Preview Content\"";
				DEVELOPMENT_TEAM = LTJ3JTYH2C;
				ENABLE_PREVIEWS = YES;
				GENERATE_INFOPLIST_FILE = YES;
				INFOPLIST_FILE = UserApp/Info.plist;
				INFOPLIST_KEY_UIApplicationSceneManifest_Generation = YES;
				INFOPLIST_KEY_UIApplicationSupportsIndirectInputEvents = YES;
				INFOPLIST_KEY_UILaunchScreen_Generation = YES;
				INFOPLIST_KEY_UISupportedInterfaceOrientations_iPad = "UIInterfaceOrientationPortrait UIInterfaceOrientationPortraitUpsideDown UIInterfaceOrientationLandscapeLeft UIInterfaceOrientationLandscapeRight";
				INFOPLIST_KEY_UISupportedInterfaceOrientations_iPhone = "UIInterfaceOrientationPortrait UIInterfaceOrientationPortrait UIInterfaceOrientationLandscapeLeft UIInterfaceOrientationLandscapeRight";
				LD_RUNPATH_SEARCH_PATHS = (
					"$(inherited)",
					"@executable_path/Frameworks",
				);
				MARKETING_VERSION = 1.0;
				PRODUCT_BUNDLE_IDENTIFIER = Askkio.askkio.UserApp;
				PRODUCT_NAME = "$(TARGET_NAME)";
				SWIFT_EMIT_LOC_STRINGS = YES;
				SWIFT_VERSION = 5.0;
				TARGETED_DEVICE_FAMILY = "1,2";
			};
			name = Release;
		};
		84A6B5032BFDBC6500E46248 /* Debug */ = {
			isa = XCBuildConfiguration;
			baseConfigurationReference = 0EF0B893BA55AE51B7FB7DE2 /* Pods-UserAppTests.debug.xcconfig */;
			buildSettings = {
				ALWAYS_EMBED_SWIFT_STANDARD_LIBRARIES = YES;
				BUNDLE_LOADER = "$(TEST_HOST)";
				CODE_SIGN_STYLE = Automatic;
				CURRENT_PROJECT_VERSION = 1;
				DEVELOPMENT_TEAM = LTJ3JTYH2C;
				GENERATE_INFOPLIST_FILE = YES;
				IPHONEOS_DEPLOYMENT_TARGET = 17.2;
				MARKETING_VERSION = 1.0;
				PRODUCT_BUNDLE_IDENTIFIER = Askkio.askkio.UserAppTests;
				PRODUCT_NAME = "$(TARGET_NAME)";
				SWIFT_EMIT_LOC_STRINGS = NO;
				SWIFT_VERSION = 5.0;
				TARGETED_DEVICE_FAMILY = "1,2";
				TEST_HOST = "$(BUILT_PRODUCTS_DIR)/UserApp.app/$(BUNDLE_EXECUTABLE_FOLDER_PATH)/UserApp";
			};
			name = Debug;
		};
		84A6B5042BFDBC6500E46248 /* Release */ = {
			isa = XCBuildConfiguration;
			baseConfigurationReference = 3535D6D5D6CA199AC4BA83CF /* Pods-UserAppTests.release.xcconfig */;
			buildSettings = {
				ALWAYS_EMBED_SWIFT_STANDARD_LIBRARIES = YES;
				BUNDLE_LOADER = "$(TEST_HOST)";
				CODE_SIGN_STYLE = Automatic;
				CURRENT_PROJECT_VERSION = 1;
				DEVELOPMENT_TEAM = LTJ3JTYH2C;
				GENERATE_INFOPLIST_FILE = YES;
				IPHONEOS_DEPLOYMENT_TARGET = 17.2;
				MARKETING_VERSION = 1.0;
				PRODUCT_BUNDLE_IDENTIFIER = Askkio.askkio.UserAppTests;
				PRODUCT_NAME = "$(TARGET_NAME)";
				SWIFT_EMIT_LOC_STRINGS = NO;
				SWIFT_VERSION = 5.0;
				TARGETED_DEVICE_FAMILY = "1,2";
				TEST_HOST = "$(BUILT_PRODUCTS_DIR)/UserApp.app/$(BUNDLE_EXECUTABLE_FOLDER_PATH)/UserApp";
			};
			name = Release;
		};
		84A6B5062BFDBC6500E46248 /* Debug */ = {
			isa = XCBuildConfiguration;
			baseConfigurationReference = 89776AA83B9C8690B91D5F25 /* Pods-UserApp-UserAppUITests.debug.xcconfig */;
			buildSettings = {
				ALWAYS_EMBED_SWIFT_STANDARD_LIBRARIES = YES;
				CODE_SIGN_STYLE = Automatic;
				CURRENT_PROJECT_VERSION = 1;
				DEVELOPMENT_TEAM = LTJ3JTYH2C;
				GENERATE_INFOPLIST_FILE = YES;
				MARKETING_VERSION = 1.0;
				PRODUCT_BUNDLE_IDENTIFIER = Askkio.askkio.UserAppUITests;
				PRODUCT_NAME = "$(TARGET_NAME)";
				SWIFT_EMIT_LOC_STRINGS = NO;
				SWIFT_VERSION = 5.0;
				TARGETED_DEVICE_FAMILY = "1,2";
				TEST_TARGET_NAME = UserApp;
			};
			name = Debug;
		};
		84A6B5072BFDBC6500E46248 /* Release */ = {
			isa = XCBuildConfiguration;
			baseConfigurationReference = 444070A1692BA08F1125A6E4 /* Pods-UserApp-UserAppUITests.release.xcconfig */;
			buildSettings = {
				ALWAYS_EMBED_SWIFT_STANDARD_LIBRARIES = YES;
				CODE_SIGN_STYLE = Automatic;
				CURRENT_PROJECT_VERSION = 1;
				DEVELOPMENT_TEAM = LTJ3JTYH2C;
				GENERATE_INFOPLIST_FILE = YES;
				MARKETING_VERSION = 1.0;
				PRODUCT_BUNDLE_IDENTIFIER = Askkio.askkio.UserAppUITests;
				PRODUCT_NAME = "$(TARGET_NAME)";
				SWIFT_EMIT_LOC_STRINGS = NO;
				SWIFT_VERSION = 5.0;
				TARGETED_DEVICE_FAMILY = "1,2";
				TEST_TARGET_NAME = UserApp;
			};
			name = Release;
		};
/* End XCBuildConfiguration section */

/* Begin XCConfigurationList section */
		84A6B4D62BFDBC6200E46248 /* Build configuration list for PBXProject "UserApp" */ = {
			isa = XCConfigurationList;
			buildConfigurations = (
				84A6B4FD2BFDBC6500E46248 /* Debug */,
				84A6B4FE2BFDBC6500E46248 /* Release */,
			);
			defaultConfigurationIsVisible = 0;
			defaultConfigurationName = Release;
		};
		84A6B4FF2BFDBC6500E46248 /* Build configuration list for PBXNativeTarget "UserApp" */ = {
			isa = XCConfigurationList;
			buildConfigurations = (
				84A6B5002BFDBC6500E46248 /* Debug */,
				84A6B5012BFDBC6500E46248 /* Release */,
			);
			defaultConfigurationIsVisible = 0;
			defaultConfigurationName = Release;
		};
		84A6B5022BFDBC6500E46248 /* Build configuration list for PBXNativeTarget "UserAppTests" */ = {
			isa = XCConfigurationList;
			buildConfigurations = (
				84A6B5032BFDBC6500E46248 /* Debug */,
				84A6B5042BFDBC6500E46248 /* Release */,
			);
			defaultConfigurationIsVisible = 0;
			defaultConfigurationName = Release;
		};
		84A6B5052BFDBC6500E46248 /* Build configuration list for PBXNativeTarget "UserAppUITests" */ = {
			isa = XCConfigurationList;
			buildConfigurations = (
				84A6B5062BFDBC6500E46248 /* Debug */,
				84A6B5072BFDBC6500E46248 /* Release */,
			);
			defaultConfigurationIsVisible = 0;
			defaultConfigurationName = Release;
		};
/* End XCConfigurationList section */
	};
	rootObject = 84A6B4D32BFDBC6200E46248 /* Project object */;
}
